// !$*UTF8*$!
{
	archiveVersion = 1;
	classes = {
	};
	objectVersion = 50;
	objects = {

/* Begin PBXBuildFile section */
		A35FCA372633653A008B3606 /* Screenshot1.png in Resources */ = {isa = PBXBuildFile; fileRef = A35FCA362633653A008B3606 /* Screenshot1.png */; };
		A3C0A0642618BBCB001A9AE4 /* MVVM_WeatherApp.swift in Sources */ = {isa = PBXBuildFile; fileRef = A3C0A0632618BBCB001A9AE4 /* MVVM_WeatherApp.swift */; };
		A3C0A0662618BBCB001A9AE4 /* ContentView.swift in Sources */ = {isa = PBXBuildFile; fileRef = A3C0A0652618BBCB001A9AE4 /* ContentView.swift */; };
		A3C0A0682618BBCD001A9AE4 /* Assets.xcassets in Resources */ = {isa = PBXBuildFile; fileRef = A3C0A0672618BBCD001A9AE4 /* Assets.xcassets */; };
		A3C0A06B2618BBCD001A9AE4 /* Preview Assets.xcassets in Resources */ = {isa = PBXBuildFile; fileRef = A3C0A06A2618BBCD001A9AE4 /* Preview Assets.xcassets */; };
		A3C0A0742618BC06001A9AE4 /* Models.swift in Sources */ = {isa = PBXBuildFile; fileRef = A3C0A0732618BC06001A9AE4 /* Models.swift */; };
		A3C0A0772618BC2A001A9AE4 /* ViewModel.swift in Sources */ = {isa = PBXBuildFile; fileRef = A3C0A0762618BC2A001A9AE4 /* ViewModel.swift */; };
/* End PBXBuildFile section */

/* Begin PBXFileReference section */
		A35FCA362633653A008B3606 /* Screenshot1.png */ = {isa = PBXFileReference; lastKnownFileType = image.png; name = Screenshot1.png; path = ../../../../../../../Desktop/Screenshot1.png; sourceTree = "<group>"; };
		A3C0A0602618BBCB001A9AE4 /* MVVM_Weather.app */ = {isa = PBXFileReference; explicitFileType = wrapper.application; includeInIndex = 0; path = MVVM_Weather.app; sourceTree = BUILT_PRODUCTS_DIR; };
		A3C0A0632618BBCB001A9AE4 /* MVVM_WeatherApp.swift */ = {isa = PBXFileReference; lastKnownFileType = sourcecode.swift; path = MVVM_WeatherApp.swift; sourceTree = "<group>"; };
		A3C0A0652618BBCB001A9AE4 /* ContentView.swift */ = {isa = PBXFileReference; lastKnownFileType = sourcecode.swift; path = ContentView.swift; sourceTree = "<group>"; };
		A3C0A0672618BBCD001A9AE4 /* Assets.xcassets */ = {isa = PBXFileReference; lastKnownFileType = folder.assetcatalog; path = Assets.xcassets; sourceTree = "<group>"; };
		A3C0A06A2618BBCD001A9AE4 /* Preview Assets.xcassets */ = {isa = PBXFileReference; lastKnownFileType = folder.assetcatalog; path = "Preview Assets.xcassets"; sourceTree = "<group>"; };
		A3C0A06C2618BBCD001A9AE4 /* Info.plist */ = {isa = PBXFileReference; lastKnownFileType = text.plist.xml; path = Info.plist; sourceTree = "<group>"; };
		A3C0A0732618BC06001A9AE4 /* Models.swift */ = {isa = PBXFileReference; lastKnownFileType = sourcecode.swift; path = Models.swift; sourceTree = "<group>"; };
		A3C0A0762618BC2A001A9AE4 /* ViewModel.swift */ = {isa = PBXFileReference; lastKnownFileType = sourcecode.swift; path = ViewModel.swift; sourceTree = "<group>"; };
/* End PBXFileReference section */

/* Begin PBXFrameworksBuildPhase section */
		A3C0A05D2618BBCB001A9AE4 /* Frameworks */ = {
			isa = PBXFrameworksBuildPhase;
			buildActionMask = 2147483647;
			files = (
			);
			runOnlyForDeploymentPostprocessing = 0;
		};
/* End PBXFrameworksBuildPhase section */

/* Begin PBXGroup section */
		A35FCA352633647E008B3606 /* Screenshot */ = {
			isa = PBXGroup;
			children = (
				A35FCA362633653A008B3606 /* Screenshot1.png */,
			);
			path = Screenshot;
			sourceTree = "<group>";
		};
		A3C0A0572618BBCB001A9AE4 = {
			isa = PBXGroup;
			children = (
				A3C0A0622618BBCB001A9AE4 /* MVVM_Weather */,
				A3C0A0612618BBCB001A9AE4 /* Products */,
			);
			sourceTree = "<group>";
		};
		A3C0A0612618BBCB001A9AE4 /* Products */ = {
			isa = PBXGroup;
			children = (
				A3C0A0602618BBCB001A9AE4 /* MVVM_Weather.app */,
			);
			name = Products;
			sourceTree = "<group>";
		};
		A3C0A0622618BBCB001A9AE4 /* MVVM_Weather */ = {
			isa = PBXGroup;
			children = (
				A3C0A0672618BBCD001A9AE4 /* Assets.xcassets */,
				A3C0A0652618BBCB001A9AE4 /* ContentView.swift */,
				A3C0A06C2618BBCD001A9AE4 /* Info.plist */,
				A35FCA352633647E008B3606 /* Screenshot */,
				A3C0A0732618BC06001A9AE4 /* Models.swift */,
				A3C0A0632618BBCB001A9AE4 /* MVVM_WeatherApp.swift */,
				A3C0A0692618BBCD001A9AE4 /* Preview Content */,
				A3C0A0762618BC2A001A9AE4 /* ViewModel.swift */,
			);
			path = MVVM_Weather;
			sourceTree = "<group>";
		};
		A3C0A0692618BBCD001A9AE4 /* Preview Content */ = {
			isa = PBXGroup;
			children = (
				A3C0A06A2618BBCD001A9AE4 /* Preview Assets.xcassets */,
			);
			path = "Preview Content";
			sourceTree = "<group>";
		};
/* End PBXGroup section */

/* Begin PBXNativeTarget section */
		A3C0A05F2618BBCB001A9AE4 /* MVVM_Weather */ = {
			isa = PBXNativeTarget;
			buildConfigurationList = A3C0A06F2618BBCD001A9AE4 /* Build configuration list for PBXNativeTarget "MVVM_Weather" */;
			buildPhases = (
				A3C0A05C2618BBCB001A9AE4 /* Sources */,
				A3C0A05D2618BBCB001A9AE4 /* Frameworks */,
				A3C0A05E2618BBCB001A9AE4 /* Resources */,
			);
			buildRules = (
			);
			dependencies = (
			);
			name = MVVM_Weather;
			productName = MVVM_Weather;
			productReference = A3C0A0602618BBCB001A9AE4 /* MVVM_Weather.app */;
			productType = "com.apple.product-type.application";
		};
/* End PBXNativeTarget section */

/* Begin PBXProject section */
		A3C0A0582618BBCB001A9AE4 /* Project object */ = {
			isa = PBXProject;
			attributes = {
				LastSwiftUpdateCheck = 1240;
				LastUpgradeCheck = 1240;
				TargetAttributes = {
					A3C0A05F2618BBCB001A9AE4 = {
						CreatedOnToolsVersion = 12.4;
					};
				};
			};
			buildConfigurationList = A3C0A05B2618BBCB001A9AE4 /* Build configuration list for PBXProject "MVVM_Weather" */;
			compatibilityVersion = "Xcode 9.3";
			developmentRegion = en;
			hasScannedForEncodings = 0;
			knownRegions = (
				en,
				Base,
			);
			mainGroup = A3C0A0572618BBCB001A9AE4;
			productRefGroup = A3C0A0612618BBCB001A9AE4 /* Products */;
			projectDirPath = "";
			projectRoot = "";
			targets = (
				A3C0A05F2618BBCB001A9AE4 /* MVVM_Weather */,
			);
		};
/* End PBXProject section */

/* Begin PBXResourcesBuildPhase section */
		A3C0A05E2618BBCB001A9AE4 /* Resources */ = {
			isa = PBXResourcesBuildPhase;
			buildActionMask = 2147483647;
			files = (
				A35FCA372633653A008B3606 /* Screenshot1.png in Resources */,
				A3C0A06B2618BBCD001A9AE4 /* Preview Assets.xcassets in Resources */,
				A3C0A0682618BBCD001A9AE4 /* Assets.xcassets in Resources */,
			);
			runOnlyForDeploymentPostprocessing = 0;
		};
/* End PBXResourcesBuildPhase section */

/* Begin PBXSourcesBuildPhase section */
		A3C0A05C2618BBCB001A9AE4 /* Sources */ = {
			isa = PBXSourcesBuildPhase;
			buildActionMask = 2147483647;
			files = (
				A3C0A0742618BC06001A9AE4 /* Models.swift in Sources */,
				A3C0A0662618BBCB001A9AE4 /* ContentView.swift in Sources */,
				A3C0A0772618BC2A001A9AE4 /* ViewModel.swift in Sources */,
				A3C0A0642618BBCB001A9AE4 /* MVVM_WeatherApp.swift in Sources */,
			);
			runOnlyForDeploymentPostprocessing = 0;
		};
/* End PBXSourcesBuildPhase section */

/* Begin XCBuildConfiguration section */
		A3C0A06D2618BBCD001A9AE4 /* Debug */ = {
			isa = XCBuildConfiguration;
			buildSettings = {
				ALWAYS_SEARCH_USER_PATHS = NO;
				CLANG_ANALYZER_NONNULL = YES;
				CLANG_ANALYZER_NUMBER_OBJECT_CONVERSION = YES_AGGRESSIVE;
				CLANG_CXX_LANGUAGE_STANDARD = "gnu++14";
				CLANG_CXX_LIBRARY = "libc++";
				CLANG_ENABLE_MODULES = YES;
				CLANG_ENABLE_OBJC_ARC = YES;
				CLANG_ENABLE_OBJC_WEAK = YES;
				CLANG_WARN_BLOCK_CAPTURE_AUTORELEASING = YES;
				CLANG_WARN_BOOL_CONVERSION = YES;
				CLANG_WARN_COMMA = YES;
				CLANG_WARN_CONSTANT_CONVERSION = YES;
				CLANG_WARN_DEPRECATED_OBJC_IMPLEMENTATIONS = YES;
				CLANG_WARN_DIRECT_OBJC_ISA_USAGE = YES_ERROR;
				CLANG_WARN_DOCUMENTATION_COMMENTS = YES;
				CLANG_WARN_EMPTY_BODY = YES;
				CLANG_WARN_ENUM_CONVERSION = YES;
				CLANG_WARN_INFINITE_RECURSION = YES;
				CLANG_WARN_INT_CONVERSION = YES;
				CLANG_WARN_NON_LITERAL_NULL_CONVERSION = YES;
				CLANG_WARN_OBJC_IMPLICIT_RETAIN_SELF = YES;
				CLANG_WARN_OBJC_LITERAL_CONVERSION = YES;
				CLANG_WARN_OBJC_ROOT_CLASS = YES_ERROR;
				CLANG_WARN_QUOTED_INCLUDE_IN_FRAMEWORK_HEADER = YES;
				CLANG_WARN_RANGE_LOOP_ANALYSIS = YES;
				CLANG_WARN_STRICT_PROTOTYPES = YES;
				CLANG_WARN_SUSPICIOUS_MOVE = YES;
				CLANG_WARN_UNGUARDED_AVAILABILITY = YES_AGGRESSIVE;
				CLANG_WARN_UNREACHABLE_CODE = YES;
				CLANG_WARN__DUPLICATE_METHOD_MATCH = YES;
				COPY_PHASE_STRIP = NO;
				DEBUG_INFORMATION_FORMAT = dwarf;
				ENABLE_STRICT_OBJC_MSGSEND = YES;
				ENABLE_TESTABILITY = YES;
				GCC_C_LANGUAGE_STANDARD = gnu11;
				GCC_DYNAMIC_NO_PIC = NO;
				GCC_NO_COMMON_BLOCKS = YES;
				GCC_OPTIMIZATION_LEVEL = 0;
				GCC_PREPROCESSOR_DEFINITIONS = (
					"DEBUG=1",
					"$(inherited)",
				);
				GCC_WARN_64_TO_32_BIT_CONVERSION = YES;
				GCC_WARN_ABOUT_RETURN_TYPE = YES_ERROR;
				GCC_WARN_UNDECLARED_SELECTOR = YES;
				GCC_WARN_UNINITIALIZED_AUTOS = YES_AGGRESSIVE;
				GCC_WARN_UNUSED_FUNCTION = YES;
				GCC_WARN_UNUSED_VARIABLE = YES;
				IPHONEOS_DEPLOYMENT_TARGET = 14.4;
				MTL_ENABLE_DEBUG_INFO = INCLUDE_SOURCE;
				MTL_FAST_MATH = YES;
				ONLY_ACTIVE_ARCH = YES;
				SDKROOT = iphoneos;
				SWIFT_ACTIVE_COMPILATION_CONDITIONS = DEBUG;
				SWIFT_OPTIMIZATION_LEVEL = "-Onone";
			};
			name = Debug;
		};
		A3C0A06E2618BBCD001A9AE4 /* Release */ = {
			isa = XCBuildConfiguration;
			buildSettings = {
				ALWAYS_SEARCH_USER_PATHS = NO;
				CLANG_ANALYZER_NONNULL = YES;
				CLANG_ANALYZER_NUMBER_OBJECT_CONVERSION = YES_AGGRESSIVE;
				CLANG_CXX_LANGUAGE_STANDARD = "gnu++14";
				CLANG_CXX_LIBRARY = "libc++";
				CLANG_ENABLE_MODULES = YES;
				CLANG_ENABLE_OBJC_ARC = YES;
				CLANG_ENABLE_OBJC_WEAK = YES;
				CLANG_WARN_BLOCK_CAPTURE_AUTORELEASING = YES;
				CLANG_WARN_BOOL_CONVERSION = YES;
				CLANG_WARN_COMMA = YES;
				CLANG_WARN_CONSTANT_CONVERSION = YES;
				CLANG_WARN_DEPRECATED_OBJC_IMPLEMENTATIONS = YES;
				CLANG_WARN_DIRECT_OBJC_ISA_USAGE = YES_ERROR;
				CLANG_WARN_DOCUMENTATION_COMMENTS = YES;
				CLANG_WARN_EMPTY_BODY = YES;
				CLANG_WARN_ENUM_CONVERSION = YES;
				CLANG_WARN_INFINITE_RECURSION = YES;
				CLANG_WARN_INT_CONVERSION = YES;
				CLANG_WARN_NON_LITERAL_NULL_CONVERSION = YES;
				CLANG_WARN_OBJC_IMPLICIT_RETAIN_SELF = YES;
				CLANG_WARN_OBJC_LITERAL_CONVERSION = YES;
				CLANG_WARN_OBJC_ROOT_CLASS = YES_ERROR;
				CLANG_WARN_QUOTED_INCLUDE_IN_FRAMEWORK_HEADER = YES;
				CLANG_WARN_RANGE_LOOP_ANALYSIS = YES;
				CLANG_WARN_STRICT_PROTOTYPES = YES;
				CLANG_WARN_SUSPICIOUS_MOVE = YES;
				CLANG_WARN_UNGUARDED_AVAILABILITY = YES_AGGRESSIVE;
				CLANG_WARN_UNREACHABLE_CODE = YES;
				CLANG_WARN__DUPLICATE_METHOD_MATCH = YES;
				COPY_PHASE_STRIP = NO;
				DEBUG_INFORMATION_FORMAT = "dwarf-with-dsym";
				ENABLE_NS_ASSERTIONS = NO;
				ENABLE_STRICT_OBJC_MSGSEND = YES;
				GCC_C_LANGUAGE_STANDARD = gnu11;
				GCC_NO_COMMON_BLOCKS = YES;
				GCC_WARN_64_TO_32_BIT_CONVERSION = YES;
				GCC_WARN_ABOUT_RETURN_TYPE = YES_ERROR;
				GCC_WARN_UNDECLARED_SELECTOR = YES;
				GCC_WARN_UNINITIALIZED_AUTOS = YES_AGGRESSIVE;
				GCC_WARN_UNUSED_FUNCTION = YES;
				GCC_WARN_UNUSED_VARIABLE = YES;
				IPHONEOS_DEPLOYMENT_TARGET = 14.4;
				MTL_ENABLE_DEBUG_INFO = NO;
				MTL_FAST_MATH = YES;
				SDKROOT = iphoneos;
				SWIFT_COMPILATION_MODE = wholemodule;
				SWIFT_OPTIMIZATION_LEVEL = "-O";
				VALIDATE_PRODUCT = YES;
			};
			name = Release;
		};
		A3C0A0702618BBCD001A9AE4 /* Debug */ = {
			isa = XCBuildConfiguration;
			buildSettings = {
				ASSETCATALOG_COMPILER_APPICON_NAME = AppIcon;
				ASSETCATALOG_COMPILER_GLOBAL_ACCENT_COLOR_NAME = AccentColor;
				CODE_SIGN_STYLE = Automatic;
				DEVELOPMENT_ASSET_PATHS = "\"MVVM_Weather/Preview Content\"";
				DEVELOPMENT_TEAM = GN62DQ3ZM4;
				ENABLE_PREVIEWS = YES;
				INFOPLIST_FILE = MVVM_Weather/Info.plist;
				IPHONEOS_DEPLOYMENT_TARGET = 14.0;
				LD_RUNPATH_SEARCH_PATHS = (
					"$(inherited)",
					"@executable_path/Frameworks",
				);
				PRODUCT_BUNDLE_IDENTIFIER = "VPorg.MVVM-Weather";
				PRODUCT_NAME = "$(TARGET_NAME)";
				SWIFT_VERSION = 5.0;
				TARGETED_DEVICE_FAMILY = 1;
			};
			name = Debug;
		};
		A3C0A0712618BBCD001A9AE4 /* Release */ = {
			isa = XCBuildConfiguration;
			buildSettings = {
				ASSETCATALOG_COMPILER_APPICON_NAME = AppIcon;
				ASSETCATALOG_COMPILER_GLOBAL_ACCENT_COLOR_NAME = AccentColor;
				CODE_SIGN_STYLE = Automatic;
				DEVELOPMENT_ASSET_PATHS = "\"MVVM_Weather/Preview Content\"";
				DEVELOPMENT_TEAM = GN62DQ3ZM4;
				ENABLE_PREVIEWS = YES;
				INFOPLIST_FILE = MVVM_Weather/Info.plist;
				IPHONEOS_DEPLOYMENT_TARGET = 14.0;
				LD_RUNPATH_SEARCH_PATHS = (
					"$(inherited)",
					"@executable_path/Frameworks",
				);
				PRODUCT_BUNDLE_IDENTIFIER = "VPorg.MVVM-Weather";
				PRODUCT_NAME = "$(TARGET_NAME)";
				SWIFT_VERSION = 5.0;
				TARGETED_DEVICE_FAMILY = 1;
			};
			name = Release;
		};
/* End XCBuildConfiguration section */

/* Begin XCConfigurationList section */
		A3C0A05B2618BBCB001A9AE4 /* Build configuration list for PBXProject "MVVM_Weather" */ = {
			isa = XCConfigurationList;
			buildConfigurations = (
				A3C0A06D2618BBCD001A9AE4 /* Debug */,
				A3C0A06E2618BBCD001A9AE4 /* Release */,
			);
			defaultConfigurationIsVisible = 0;
			defaultConfigurationName = Release;
		};
		A3C0A06F2618BBCD001A9AE4 /* Build configuration list for PBXNativeTarget "MVVM_Weather" */ = {
			isa = XCConfigurationList;
			buildConfigurations = (
				A3C0A0702618BBCD001A9AE4 /* Debug */,
				A3C0A0712618BBCD001A9AE4 /* Release */,
			);
			defaultConfigurationIsVisible = 0;
			defaultConfigurationName = Release;
		};
/* End XCConfigurationList section */
	};
	rootObject = A3C0A0582618BBCB001A9AE4 /* Project object */;
}
